
Microsoft Visual Studio Solution File, Format Version 12.00
# Visual Studio Version 17
VisualStudioVersion = 17.0.31903.59
MinimumVisualStudioVersion = 10.0.40219.1
Project("{FAE04EC0-301F-11D3-BF4B-00C04F79EFBC}") = "sample-crm.API", "sample-crm.API\sample-crm.API.csproj", "{90D06DCE-C29E-4F7D-B901-7E1903D4CD69}"
EndProject
Project("{FAE04EC0-301F-11D3-BF4B-00C04F79EFBC}") = "sample-crm.Application", "sample-crm.Application\sample-crm.Application.csproj", "{C81020FA-F5FF-49E9-A5E8-4CD1DE2DFACF}"
EndProject
Project("{FAE04EC0-301F-11D3-BF4B-00C04F79EFBC}") = "sample-crm.Core", "sample-crm.Core\sample-crm.Core.csproj", "{D9E2B9BE-CE9C-4307-A97D-73CA7FE023E1}"
EndProject
Project("{FAE04EC0-301F-11D3-BF4B-00C04F79EFBC}") = "sample-crm.Data", "sample-crm.Data\sample-crm.Data.csproj", "{633BCBA0-6A95-41CE-A764-244E586F44D8}"
EndProject
Global
	GlobalSection(SolutionProperties) = preSolution
		HideSolutionNode = FALSE
	EndGlobalSection
	GlobalSection(SolutionConfigurationPlatforms) = preSolution
		Debug|Any CPU = Debug|Any CPU
		Debug|x64 = Debug|x64
		Debug|x86 = Debug|x86
		Release|Any CPU = Release|Any CPU
		Release|x64 = Release|x64
		Release|x86 = Release|x86
	EndGlobalSection
	GlobalSection(ProjectConfigurationPlatforms) = postSolution
		{90D06DCE-C29E-4F7D-B901-7E1903D4CD69}.Debug|Any CPU.ActiveCfg = Debug|Any CPU
		{90D06DCE-C29E-4F7D-B901-7E1903D4CD69}.Debug|Any CPU.Build.0 = Debug|Any CPU
		{90D06DCE-C29E-4F7D-B901-7E1903D4CD69}.Debug|x64.ActiveCfg = Debug|Any CPU
		{90D06DCE-C29E-4F7D-B901-7E1903D4CD69}.Debug|x64.Build.0 = Debug|Any CPU
		{90D06DCE-C29E-4F7D-B901-7E1903D4CD69}.Debug|x86.ActiveCfg = Debug|Any CPU
		{90D06DCE-C29E-4F7D-B901-7E1903D4CD69}.Debug|x86.Build.0 = Debug|Any CPU
		{90D06DCE-C29E-4F7D-B901-7E1903D4CD69}.Release|Any CPU.ActiveCfg = Release|Any CPU
		{90D06DCE-C29E-4F7D-B901-7E1903D4CD69}.Release|Any CPU.Build.0 = Release|Any CPU
		{90D06DCE-C29E-4F7D-B901-7E1903D4CD69}.Release|x64.ActiveCfg = Release|Any CPU
		{90D06DCE-C29E-4F7D-B901-7E1903D4CD69}.Release|x64.Build.0 = Release|Any CPU
		{90D06DCE-C29E-4F7D-B901-7E1903D4CD69}.Release|x86.ActiveCfg = Release|Any CPU
		{90D06DCE-C29E-4F7D-B901-7E1903D4CD69}.Release|x86.Build.0 = Release|Any CPU
		{C81020FA-F5FF-49E9-A5E8-4CD1DE2DFACF}.Debug|Any CPU.ActiveCfg = Debug|Any CPU
		{C81020FA-F5FF-49E9-A5E8-4CD1DE2DFACF}.Debug|Any CPU.Build.0 = Debug|Any CPU
		{C81020FA-F5FF-49E9-A5E8-4CD1DE2DFACF}.Debug|x64.ActiveCfg = Debug|Any CPU
		{C81020FA-F5FF-49E9-A5E8-4CD1DE2DFACF}.Debug|x64.Build.0 = Debug|Any CPU
		{C81020FA-F5FF-49E9-A5E8-4CD1DE2DFACF}.Debug|x86.ActiveCfg = Debug|Any CPU
		{C81020FA-F5FF-49E9-A5E8-4CD1DE2DFACF}.Debug|x86.Build.0 = Debug|Any CPU
		{C81020FA-F5FF-49E9-A5E8-4CD1DE2DFACF}.Release|Any CPU.ActiveCfg = Release|Any CPU
		{C81020FA-F5FF-49E9-A5E8-4CD1DE2DFACF}.Release|Any CPU.Build.0 = Release|Any CPU
		{C81020FA-F5FF-49E9-A5E8-4CD1DE2DFACF}.Release|x64.ActiveCfg = Release|Any CPU
		{C81020FA-F5FF-49E9-A5E8-4CD1DE2DFACF}.Release|x64.Build.0 = Release|Any CPU
		{C81020FA-F5FF-49E9-A5E8-4CD1DE2DFACF}.Release|x86.ActiveCfg = Release|Any CPU
		{C81020FA-F5FF-49E9-A5E8-4CD1DE2DFACF}.Release|x86.Build.0 = Release|Any CPU
		{D9E2B9BE-CE9C-4307-A97D-73CA7FE023E1}.Debug|Any CPU.ActiveCfg = Debug|Any CPU
		{D9E2B9BE-CE9C-4307-A97D-73CA7FE023E1}.Debug|Any CPU.Build.0 = Debug|Any CPU
		{D9E2B9BE-CE9C-4307-A97D-73CA7FE023E1}.Debug|x64.ActiveCfg = Debug|Any CPU
		{D9E2B9BE-CE9C-4307-A97D-73CA7FE023E1}.Debug|x64.Build.0 = Debug|Any CPU
		{D9E2B9BE-CE9C-4307-A97D-73CA7FE023E1}.Debug|x86.ActiveCfg = Debug|Any CPU
		{D9E2B9BE-CE9C-4307-A97D-73CA7FE023E1}.Debug|x86.Build.0 = Debug|Any CPU
		{D9E2B9BE-CE9C-4307-A97D-73CA7FE023E1}.Release|Any CPU.ActiveCfg = Release|Any CPU
		{D9E2B9BE-CE9C-4307-A97D-73CA7FE023E1}.Release|Any CPU.Build.0 = Release|Any CPU
		{D9E2B9BE-CE9C-4307-A97D-73CA7FE023E1}.Release|x64.ActiveCfg = Release|Any CPU
		{D9E2B9BE-CE9C-4307-A97D-73CA7FE023E1}.Release|x64.Build.0 = Release|Any CPU
		{D9E2B9BE-CE9C-4307-A97D-73CA7FE023E1}.Release|x86.ActiveCfg = Release|Any CPU
		{D9E2B9BE-CE9C-4307-A97D-73CA7FE023E1}.Release|x86.Build.0 = Release|Any CPU
		{633BCBA0-6A95-41CE-A764-244E586F44D8}.Debug|Any CPU.ActiveCfg = Debug|Any CPU
		{633BCBA0-6A95-41CE-A764-244E586F44D8}.Debug|Any CPU.Build.0 = Debug|Any CPU
		{633BCBA0-6A95-41CE-A764-244E586F44D8}.Debug|x64.ActiveCfg = Debug|Any CPU
		{633BCBA0-6A95-41CE-A764-244E586F44D8}.Debug|x64.Build.0 = Debug|Any CPU
		{633BCBA0-6A95-41CE-A764-244E586F44D8}.Debug|x86.ActiveCfg = Debug|Any CPU
		{633BCBA0-6A95-41CE-A764-244E586F44D8}.Debug|x86.Build.0 = Debug|Any CPU
		{633BCBA0-6A95-41CE-A764-244E586F44D8}.Release|Any CPU.ActiveCfg = Release|Any CPU
		{633BCBA0-6A95-41CE-A764-244E586F44D8}.Release|Any CPU.Build.0 = Release|Any CPU
		{633BCBA0-6A95-41CE-A764-244E586F44D8}.Release|x64.ActiveCfg = Release|Any CPU
		{633BCBA0-6A95-41CE-A764-244E586F44D8}.Release|x64.Build.0 = Release|Any CPU
		{633BCBA0-6A95-41CE-A764-244E586F44D8}.Release|x86.ActiveCfg = Release|Any CPU
		{633BCBA0-6A95-41CE-A764-244E586F44D8}.Release|x86.Build.0 = Release|Any CPU
	EndGlobalSection
EndGlobal
